// !$*UTF8*$!
{
	archiveVersion = 1;
	classes = {
	};
	objectVersion = 50;
	objects = {

/* Begin PBXBuildFile section */
		463A4056296F9214C6365BC6 /* libPods-RxSwift-Learning.a in Frameworks */ = {isa = PBXBuildFile; fileRef = 52198D9F698A274D828D91E3 /* libPods-RxSwift-Learning.a */; };
		4C3DEB0B23B1BF4100AEDC67 /* BearFried.storyboard in Resources */ = {isa = PBXBuildFile; fileRef = 4C3DEB0A23B1BF4100AEDC67 /* BearFried.storyboard */; };
		4C3DEB0D23B1BF4F00AEDC67 /* BearFriedViewController.swift in Sources */ = {isa = PBXBuildFile; fileRef = 4C3DEB0C23B1BF4F00AEDC67 /* BearFriedViewController.swift */; };
		4C3DEB1023B1BFE600AEDC67 /* BearFriedViewModel.swift in Sources */ = {isa = PBXBuildFile; fileRef = 4C3DEB0F23B1BFE600AEDC67 /* BearFriedViewModel.swift */; };
		4C3DEB1223B1BFFE00AEDC67 /* MenuModel.swift in Sources */ = {isa = PBXBuildFile; fileRef = 4C3DEB1123B1BFFE00AEDC67 /* MenuModel.swift */; };
		4C3DEB1523B1C80500AEDC67 /* BearFriedTableViewCell.swift in Sources */ = {isa = PBXBuildFile; fileRef = 4C3DEB1423B1C80500AEDC67 /* BearFriedTableViewCell.swift */; };
		4C3DEB1823B1CA6600AEDC67 /* APIService.swift in Sources */ = {isa = PBXBuildFile; fileRef = 4C3DEB1723B1CA6600AEDC67 /* APIService.swift */; };
		4C3DEB1A23B1DCE600AEDC67 /* MenuStore.swift in Sources */ = {isa = PBXBuildFile; fileRef = 4C3DEB1923B1DCE600AEDC67 /* MenuStore.swift */; };
		4C4033CD23C388120058A6AA /* Subject.storyboard in Resources */ = {isa = PBXBuildFile; fileRef = 4C4033CC23C388120058A6AA /* Subject.storyboard */; };
		4C4033CF23C3882C0058A6AA /* SubjectViewController.swift in Sources */ = {isa = PBXBuildFile; fileRef = 4C4033CE23C3882C0058A6AA /* SubjectViewController.swift */; };
		4C4317DB23AA1A30007CDEFB /* Login.storyboard in Resources */ = {isa = PBXBuildFile; fileRef = 4C4317DA23AA1A30007CDEFB /* Login.storyboard */; };
		4C4317DD23AA1A46007CDEFB /* LoginViewController.swift in Sources */ = {isa = PBXBuildFile; fileRef = 4C4317DC23AA1A46007CDEFB /* LoginViewController.swift */; };
		4C45E37A23B0962A00A125E7 /* Mathematical.storyboard in Resources */ = {isa = PBXBuildFile; fileRef = 4C45E37923B0962A00A125E7 /* Mathematical.storyboard */; };
		4C45E37C23B0963300A125E7 /* MathematicalViewController.swift in Sources */ = {isa = PBXBuildFile; fileRef = 4C45E37B23B0963300A125E7 /* MathematicalViewController.swift */; };
		4C45E37F23B098F300A125E7 /* Transforming.storyboard in Resources */ = {isa = PBXBuildFile; fileRef = 4C45E37E23B098F300A125E7 /* Transforming.storyboard */; };
		4C45E38123B098FA00A125E7 /* TransformingViewController.swift in Sources */ = {isa = PBXBuildFile; fileRef = 4C45E38023B098FA00A125E7 /* TransformingViewController.swift */; };
		4C498B6A23AB30AB007D8567 /* LoginViewModel.swift in Sources */ = {isa = PBXBuildFile; fileRef = 4C498B6923AB30AB007D8567 /* LoginViewModel.swift */; };
		4C498B6D23AB5CB8007D8567 /* Combining.storyboard in Resources */ = {isa = PBXBuildFile; fileRef = 4C498B6C23AB5CB8007D8567 /* Combining.storyboard */; };
		4C498B6F23AB5CCA007D8567 /* CombiningViewController.swift in Sources */ = {isa = PBXBuildFile; fileRef = 4C498B6E23AB5CCA007D8567 /* CombiningViewController.swift */; };
		4C6769E423A760C00068BAF4 /* AppDelegate.swift in Sources */ = {isa = PBXBuildFile; fileRef = 4C6769E323A760C00068BAF4 /* AppDelegate.swift */; };
		4C6769E823A760C00068BAF4 /* ViewController.swift in Sources */ = {isa = PBXBuildFile; fileRef = 4C6769E723A760C00068BAF4 /* ViewController.swift */; };
		4C6769EB23A760C00068BAF4 /* Main.storyboard in Resources */ = {isa = PBXBuildFile; fileRef = 4C6769E923A760C00068BAF4 /* Main.storyboard */; };
		4C6769ED23A760C20068BAF4 /* Assets.xcassets in Resources */ = {isa = PBXBuildFile; fileRef = 4C6769EC23A760C20068BAF4 /* Assets.xcassets */; };
		4C6769F023A760C20068BAF4 /* LaunchScreen.storyboard in Resources */ = {isa = PBXBuildFile; fileRef = 4C6769EE23A760C20068BAF4 /* LaunchScreen.storyboard */; };
		4C676A1523A7673E0068BAF4 /* Common.swift in Sources */ = {isa = PBXBuildFile; fileRef = 4C676A1423A7673E0068BAF4 /* Common.swift */; };
		4C676A1723A767730068BAF4 /* Image.storyboard in Resources */ = {isa = PBXBuildFile; fileRef = 4C676A1623A767730068BAF4 /* Image.storyboard */; };
		4C676A1923A767BE0068BAF4 /* ImageViewController.swift in Sources */ = {isa = PBXBuildFile; fileRef = 4C676A1823A767BE0068BAF4 /* ImageViewController.swift */; };
		4C7EBF3023A8773500FC4823 /* Basic.storyboard in Resources */ = {isa = PBXBuildFile; fileRef = 4C7EBF2F23A8773500FC4823 /* Basic.storyboard */; };
		4C7EBF3223A8773E00FC4823 /* BasicViewController.swift in Sources */ = {isa = PBXBuildFile; fileRef = 4C7EBF3123A8773E00FC4823 /* BasicViewController.swift */; };
		4C85684223AE5DC400A25B95 /* Conditional.storyboard in Resources */ = {isa = PBXBuildFile; fileRef = 4C85684123AE5DC400A25B95 /* Conditional.storyboard */; };
		4C85684423AE5DCE00A25B95 /* ConditionalViewController.swift in Sources */ = {isa = PBXBuildFile; fileRef = 4C85684323AE5DCE00A25B95 /* ConditionalViewController.swift */; };
		4C85684723AE802100A25B95 /* Filtering.storyboard in Resources */ = {isa = PBXBuildFile; fileRef = 4C85684623AE802100A25B95 /* Filtering.storyboard */; };
		4C85684923AE802B00A25B95 /* FilteringViewController.swift in Sources */ = {isa = PBXBuildFile; fileRef = 4C85684823AE802B00A25B95 /* FilteringViewController.swift */; };
		4CA3EEB723C38BE000DD89B6 /* TikiViewController.swift in Sources */ = {isa = PBXBuildFile; fileRef = 4CA3EEB623C38BE000DD89B6 /* TikiViewController.swift */; };
		4CA3EEB923C38BED00DD89B6 /* TakaViewController.swift in Sources */ = {isa = PBXBuildFile; fileRef = 4CA3EEB823C38BED00DD89B6 /* TakaViewController.swift */; };
		4CA3EEBB23C38D4800DD89B6 /* TikiViewModel.swift in Sources */ = {isa = PBXBuildFile; fileRef = 4CA3EEBA23C38D4800DD89B6 /* TikiViewModel.swift */; };
		4CA3EEBD23C38D8600DD89B6 /* TakaViewModel.swift in Sources */ = {isa = PBXBuildFile; fileRef = 4CA3EEBC23C38D8600DD89B6 /* TakaViewModel.swift */; };
		4CA3EEBF23C390FE00DD89B6 /* TikiTakaProtocol.swift in Sources */ = {isa = PBXBuildFile; fileRef = 4CA3EEBE23C390FE00DD89B6 /* TikiTakaProtocol.swift */; };
		6AA7A376278562F200FDA0FD /* RxSwift_LearningTests.swift in Sources */ = {isa = PBXBuildFile; fileRef = 6AA7A375278562F200FDA0FD /* RxSwift_LearningTests.swift */; };
		968CEA64369D939B0FBC7673 /* libPods-RxSwift-LearningTests.a in Frameworks */ = {isa = PBXBuildFile; fileRef = 126B64717E2AEBBA3AC06DE8 /* libPods-RxSwift-LearningTests.a */; };
/* End PBXBuildFile section */

/* Begin PBXContainerItemProxy section */
		6AA7A377278562F200FDA0FD /* PBXContainerItemProxy */ = {
			isa = PBXContainerItemProxy;
			containerPortal = 4C6769D823A760C00068BAF4 /* Project object */;
			proxyType = 1;
			remoteGlobalIDString = 4C6769DF23A760C00068BAF4;
			remoteInfo = "RxSwift-Learning";
		};
/* End PBXContainerItemProxy section */

/* Begin PBXFileReference section */
		03A6A48FEA59B386CAB88C88 /* Pods-RxSwift-LearningTests.release.xcconfig */ = {isa = PBXFileReference; includeInIndex = 1; lastKnownFileType = text.xcconfig; name = "Pods-RxSwift-LearningTests.release.xcconfig"; path = "Target Support Files/Pods-RxSwift-LearningTests/Pods-RxSwift-LearningTests.release.xcconfig"; sourceTree = "<group>"; };
		0A140D334E0DDA1A525F24EF /* Pods-RxSwift-Learning.release.xcconfig */ = {isa = PBXFileReference; includeInIndex = 1; lastKnownFileType = text.xcconfig; name = "Pods-RxSwift-Learning.release.xcconfig"; path = "Target Support Files/Pods-RxSwift-Learning/Pods-RxSwift-Learning.release.xcconfig"; sourceTree = "<group>"; };
		126B64717E2AEBBA3AC06DE8 /* libPods-RxSwift-LearningTests.a */ = {isa = PBXFileReference; explicitFileType = archive.ar; includeInIndex = 0; path = "libPods-RxSwift-LearningTests.a"; sourceTree = BUILT_PRODUCTS_DIR; };
		2B41B7D4F03CCC21FE177CE0 /* Pods-RxSwift-Learning.debug.xcconfig */ = {isa = PBXFileReference; includeInIndex = 1; lastKnownFileType = text.xcconfig; name = "Pods-RxSwift-Learning.debug.xcconfig"; path = "Target Support Files/Pods-RxSwift-Learning/Pods-RxSwift-Learning.debug.xcconfig"; sourceTree = "<group>"; };
		436B11C122DDACCACA95D81D /* Pods-RxSwift-LearningTests.debug.xcconfig */ = {isa = PBXFileReference; includeInIndex = 1; lastKnownFileType = text.xcconfig; name = "Pods-RxSwift-LearningTests.debug.xcconfig"; path = "Target Support Files/Pods-RxSwift-LearningTests/Pods-RxSwift-LearningTests.debug.xcconfig"; sourceTree = "<group>"; };
		4C3DEB0A23B1BF4100AEDC67 /* BearFried.storyboard */ = {isa = PBXFileReference; lastKnownFileType = file.storyboard; path = BearFried.storyboard; sourceTree = "<group>"; };
		4C3DEB0C23B1BF4F00AEDC67 /* BearFriedViewController.swift */ = {isa = PBXFileReference; lastKnownFileType = sourcecode.swift; path = BearFriedViewController.swift; sourceTree = "<group>"; };
		4C3DEB0F23B1BFE600AEDC67 /* BearFriedViewModel.swift */ = {isa = PBXFileReference; lastKnownFileType = sourcecode.swift; path = BearFriedViewModel.swift; sourceTree = "<group>"; };
		4C3DEB1123B1BFFE00AEDC67 /* MenuModel.swift */ = {isa = PBXFileReference; lastKnownFileType = sourcecode.swift; path = MenuModel.swift; sourceTree = "<group>"; };
		4C3DEB1423B1C80500AEDC67 /* BearFriedTableViewCell.swift */ = {isa = PBXFileReference; lastKnownFileType = sourcecode.swift; path = BearFriedTableViewCell.swift; sourceTree = "<group>"; };
		4C3DEB1723B1CA6600AEDC67 /* APIService.swift */ = {isa = PBXFileReference; lastKnownFileType = sourcecode.swift; path = APIService.swift; sourceTree = "<group>"; };
		4C3DEB1923B1DCE600AEDC67 /* MenuStore.swift */ = {isa = PBXFileReference; lastKnownFileType = sourcecode.swift; path = MenuStore.swift; sourceTree = "<group>"; };
		4C4033CC23C388120058A6AA /* Subject.storyboard */ = {isa = PBXFileReference; lastKnownFileType = file.storyboard; path = Subject.storyboard; sourceTree = "<group>"; };
		4C4033CE23C3882C0058A6AA /* SubjectViewController.swift */ = {isa = PBXFileReference; lastKnownFileType = sourcecode.swift; path = SubjectViewController.swift; sourceTree = "<group>"; };
		4C4317DA23AA1A30007CDEFB /* Login.storyboard */ = {isa = PBXFileReference; lastKnownFileType = file.storyboard; path = Login.storyboard; sourceTree = "<group>"; };
		4C4317DC23AA1A46007CDEFB /* LoginViewController.swift */ = {isa = PBXFileReference; lastKnownFileType = sourcecode.swift; path = LoginViewController.swift; sourceTree = "<group>"; };
		4C45E37923B0962A00A125E7 /* Mathematical.storyboard */ = {isa = PBXFileReference; lastKnownFileType = file.storyboard; path = Mathematical.storyboard; sourceTree = "<group>"; };
		4C45E37B23B0963300A125E7 /* MathematicalViewController.swift */ = {isa = PBXFileReference; lastKnownFileType = sourcecode.swift; path = MathematicalViewController.swift; sourceTree = "<group>"; };
		4C45E37E23B098F300A125E7 /* Transforming.storyboard */ = {isa = PBXFileReference; lastKnownFileType = file.storyboard; path = Transforming.storyboard; sourceTree = "<group>"; };
		4C45E38023B098FA00A125E7 /* TransformingViewController.swift */ = {isa = PBXFileReference; lastKnownFileType = sourcecode.swift; path = TransformingViewController.swift; sourceTree = "<group>"; };
		4C498B6923AB30AB007D8567 /* LoginViewModel.swift */ = {isa = PBXFileReference; lastKnownFileType = sourcecode.swift; path = LoginViewModel.swift; sourceTree = "<group>"; };
		4C498B6C23AB5CB8007D8567 /* Combining.storyboard */ = {isa = PBXFileReference; lastKnownFileType = file.storyboard; path = Combining.storyboard; sourceTree = "<group>"; };
		4C498B6E23AB5CCA007D8567 /* CombiningViewController.swift */ = {isa = PBXFileReference; lastKnownFileType = sourcecode.swift; path = CombiningViewController.swift; sourceTree = "<group>"; };
		4C6769E023A760C00068BAF4 /* RxSwift-Learning.app */ = {isa = PBXFileReference; explicitFileType = wrapper.application; includeInIndex = 0; path = "RxSwift-Learning.app"; sourceTree = BUILT_PRODUCTS_DIR; };
		4C6769E323A760C00068BAF4 /* AppDelegate.swift */ = {isa = PBXFileReference; lastKnownFileType = sourcecode.swift; path = AppDelegate.swift; sourceTree = "<group>"; };
		4C6769E723A760C00068BAF4 /* ViewController.swift */ = {isa = PBXFileReference; lastKnownFileType = sourcecode.swift; path = ViewController.swift; sourceTree = "<group>"; };
		4C6769EA23A760C00068BAF4 /* Base */ = {isa = PBXFileReference; lastKnownFileType = file.storyboard; name = Base; path = Base.lproj/Main.storyboard; sourceTree = "<group>"; };
		4C6769EC23A760C20068BAF4 /* Assets.xcassets */ = {isa = PBXFileReference; lastKnownFileType = folder.assetcatalog; path = Assets.xcassets; sourceTree = "<group>"; };
		4C6769EF23A760C20068BAF4 /* Base */ = {isa = PBXFileReference; lastKnownFileType = file.storyboard; name = Base; path = Base.lproj/LaunchScreen.storyboard; sourceTree = "<group>"; };
		4C6769F123A760C20068BAF4 /* Info.plist */ = {isa = PBXFileReference; lastKnownFileType = text.plist.xml; path = Info.plist; sourceTree = "<group>"; };
		4C676A1423A7673E0068BAF4 /* Common.swift */ = {isa = PBXFileReference; lastKnownFileType = sourcecode.swift; path = Common.swift; sourceTree = "<group>"; };
		4C676A1623A767730068BAF4 /* Image.storyboard */ = {isa = PBXFileReference; lastKnownFileType = file.storyboard; path = Image.storyboard; sourceTree = "<group>"; };
		4C676A1823A767BE0068BAF4 /* ImageViewController.swift */ = {isa = PBXFileReference; lastKnownFileType = sourcecode.swift; path = ImageViewController.swift; sourceTree = "<group>"; };
		4C7EBF2F23A8773500FC4823 /* Basic.storyboard */ = {isa = PBXFileReference; lastKnownFileType = file.storyboard; path = Basic.storyboard; sourceTree = "<group>"; };
		4C7EBF3123A8773E00FC4823 /* BasicViewController.swift */ = {isa = PBXFileReference; lastKnownFileType = sourcecode.swift; path = BasicViewController.swift; sourceTree = "<group>"; };
		4C85684123AE5DC400A25B95 /* Conditional.storyboard */ = {isa = PBXFileReference; lastKnownFileType = file.storyboard; path = Conditional.storyboard; sourceTree = "<group>"; };
		4C85684323AE5DCE00A25B95 /* ConditionalViewController.swift */ = {isa = PBXFileReference; lastKnownFileType = sourcecode.swift; path = ConditionalViewController.swift; sourceTree = "<group>"; };
		4C85684623AE802100A25B95 /* Filtering.storyboard */ = {isa = PBXFileReference; lastKnownFileType = file.storyboard; path = Filtering.storyboard; sourceTree = "<group>"; };
		4C85684823AE802B00A25B95 /* FilteringViewController.swift */ = {isa = PBXFileReference; lastKnownFileType = sourcecode.swift; path = FilteringViewController.swift; sourceTree = "<group>"; };
		4CA3EEB623C38BE000DD89B6 /* TikiViewController.swift */ = {isa = PBXFileReference; lastKnownFileType = sourcecode.swift; path = TikiViewController.swift; sourceTree = "<group>"; };
		4CA3EEB823C38BED00DD89B6 /* TakaViewController.swift */ = {isa = PBXFileReference; lastKnownFileType = sourcecode.swift; path = TakaViewController.swift; sourceTree = "<group>"; };
		4CA3EEBA23C38D4800DD89B6 /* TikiViewModel.swift */ = {isa = PBXFileReference; lastKnownFileType = sourcecode.swift; path = TikiViewModel.swift; sourceTree = "<group>"; };
		4CA3EEBC23C38D8600DD89B6 /* TakaViewModel.swift */ = {isa = PBXFileReference; lastKnownFileType = sourcecode.swift; path = TakaViewModel.swift; sourceTree = "<group>"; };
		4CA3EEBE23C390FE00DD89B6 /* TikiTakaProtocol.swift */ = {isa = PBXFileReference; lastKnownFileType = sourcecode.swift; path = TikiTakaProtocol.swift; sourceTree = "<group>"; };
		52198D9F698A274D828D91E3 /* libPods-RxSwift-Learning.a */ = {isa = PBXFileReference; explicitFileType = archive.ar; includeInIndex = 0; path = "libPods-RxSwift-Learning.a"; sourceTree = BUILT_PRODUCTS_DIR; };
		6AA7A373278562F200FDA0FD /* RxSwift-LearningTests.xctest */ = {isa = PBXFileReference; explicitFileType = wrapper.cfbundle; includeInIndex = 0; path = "RxSwift-LearningTests.xctest"; sourceTree = BUILT_PRODUCTS_DIR; };
		6AA7A375278562F200FDA0FD /* RxSwift_LearningTests.swift */ = {isa = PBXFileReference; lastKnownFileType = sourcecode.swift; path = RxSwift_LearningTests.swift; sourceTree = "<group>"; };
/* End PBXFileReference section */

/* Begin PBXFrameworksBuildPhase section */
		4C6769DD23A760C00068BAF4 /* Frameworks */ = {
			isa = PBXFrameworksBuildPhase;
			buildActionMask = 2147483647;
			files = (
				463A4056296F9214C6365BC6 /* libPods-RxSwift-Learning.a in Frameworks */,
			);
			runOnlyForDeploymentPostprocessing = 0;
		};
		6AA7A370278562F200FDA0FD /* Frameworks */ = {
			isa = PBXFrameworksBuildPhase;
			buildActionMask = 2147483647;
			files = (
				968CEA64369D939B0FBC7673 /* libPods-RxSwift-LearningTests.a in Frameworks */,
			);
			runOnlyForDeploymentPostprocessing = 0;
		};
/* End PBXFrameworksBuildPhase section */

/* Begin PBXGroup section */
		2DBE3AAB9CD33199C73EE746 /* Frameworks */ = {
			isa = PBXGroup;
			children = (
				52198D9F698A274D828D91E3 /* libPods-RxSwift-Learning.a */,
				126B64717E2AEBBA3AC06DE8 /* libPods-RxSwift-LearningTests.a */,
			);
			name = Frameworks;
			sourceTree = "<group>";
		};
		4C3DEB0923B1BF0500AEDC67 /* MVVM-BearFried */ = {
			isa = PBXGroup;
			children = (
				4C3DEB1623B1CA3900AEDC67 /* Network */,
				4C3DEB1323B1C7F500AEDC67 /* Cell */,
				4C3DEB0E23B1BFD800AEDC67 /* Model */,
				4C3DEB0A23B1BF4100AEDC67 /* BearFried.storyboard */,
				4C3DEB0C23B1BF4F00AEDC67 /* BearFriedViewController.swift */,
			);
			path = "MVVM-BearFried";
			sourceTree = "<group>";
		};
		4C3DEB0E23B1BFD800AEDC67 /* Model */ = {
			isa = PBXGroup;
			children = (
				4C3DEB0F23B1BFE600AEDC67 /* BearFriedViewModel.swift */,
				4C3DEB1123B1BFFE00AEDC67 /* MenuModel.swift */,
			);
			path = Model;
			sourceTree = "<group>";
		};
		4C3DEB1323B1C7F500AEDC67 /* Cell */ = {
			isa = PBXGroup;
			children = (
				4C3DEB1423B1C80500AEDC67 /* BearFriedTableViewCell.swift */,
			);
			path = Cell;
			sourceTree = "<group>";
		};
		4C3DEB1623B1CA3900AEDC67 /* Network */ = {
			isa = PBXGroup;
			children = (
				4C3DEB1923B1DCE600AEDC67 /* MenuStore.swift */,
				4C3DEB1723B1CA6600AEDC67 /* APIService.swift */,
			);
			path = Network;
			sourceTree = "<group>";
		};
		4C4033CB23C387F70058A6AA /* Subject */ = {
			isa = PBXGroup;
			children = (
				4C4033D023C38B550058A6AA /* SubViews */,
				4C4033CC23C388120058A6AA /* Subject.storyboard */,
				4C4033CE23C3882C0058A6AA /* SubjectViewController.swift */,
			);
			path = Subject;
			sourceTree = "<group>";
		};
		4C4033D023C38B550058A6AA /* SubViews */ = {
			isa = PBXGroup;
			children = (
				4CA3EEB623C38BE000DD89B6 /* TikiViewController.swift */,
				4CA3EEBA23C38D4800DD89B6 /* TikiViewModel.swift */,
				4CA3EEB823C38BED00DD89B6 /* TakaViewController.swift */,
				4CA3EEBC23C38D8600DD89B6 /* TakaViewModel.swift */,
				4CA3EEBE23C390FE00DD89B6 /* TikiTakaProtocol.swift */,
			);
			path = SubViews;
			sourceTree = "<group>";
		};
		4C4317D923AA1A22007CDEFB /* Login */ = {
			isa = PBXGroup;
			children = (
				4C4317DA23AA1A30007CDEFB /* Login.storyboard */,
				4C4317DC23AA1A46007CDEFB /* LoginViewController.swift */,
				4C498B6923AB30AB007D8567 /* LoginViewModel.swift */,
			);
			path = Login;
			sourceTree = "<group>";
		};
		4C45E37823B0961C00A125E7 /* Mathematical */ = {
			isa = PBXGroup;
			children = (
				4C45E37923B0962A00A125E7 /* Mathematical.storyboard */,
				4C45E37B23B0963300A125E7 /* MathematicalViewController.swift */,
			);
			path = Mathematical;
			sourceTree = "<group>";
		};
		4C45E37D23B098E700A125E7 /* Transforming */ = {
			isa = PBXGroup;
			children = (
				4C45E37E23B098F300A125E7 /* Transforming.storyboard */,
				4C45E38023B098FA00A125E7 /* TransformingViewController.swift */,
			);
			path = Transforming;
			sourceTree = "<group>";
		};
		4C498B6B23AB5C85007D8567 /* Combining */ = {
			isa = PBXGroup;
			children = (
				4C498B6C23AB5CB8007D8567 /* Combining.storyboard */,
				4C498B6E23AB5CCA007D8567 /* CombiningViewController.swift */,
			);
			path = Combining;
			sourceTree = "<group>";
		};
		4C6769D723A760C00068BAF4 = {
			isa = PBXGroup;
			children = (
				4C6769E223A760C00068BAF4 /* RxSwift-Learning */,
				6AA7A374278562F200FDA0FD /* RxSwift-LearningTests */,
				4C6769E123A760C00068BAF4 /* Products */,
				FE8A5688C4250B1F2D846BE9 /* Pods */,
				2DBE3AAB9CD33199C73EE746 /* Frameworks */,
			);
			sourceTree = "<group>";
		};
		4C6769E123A760C00068BAF4 /* Products */ = {
			isa = PBXGroup;
			children = (
				4C6769E023A760C00068BAF4 /* RxSwift-Learning.app */,
				6AA7A373278562F200FDA0FD /* RxSwift-LearningTests.xctest */,
			);
			name = Products;
			sourceTree = "<group>";
		};
		4C6769E223A760C00068BAF4 /* RxSwift-Learning */ = {
			isa = PBXGroup;
			children = (
				4C4033CB23C387F70058A6AA /* Subject */,
				4C3DEB0923B1BF0500AEDC67 /* MVVM-BearFried */,
				4C45E37D23B098E700A125E7 /* Transforming */,
				4C45E37823B0961C00A125E7 /* Mathematical */,
				4C85684523AE801000A25B95 /* Filtering */,
				4C85684023AE5DAC00A25B95 /* Conditional */,
				4C498B6B23AB5C85007D8567 /* Combining */,
				4C4317D923AA1A22007CDEFB /* Login */,
				4C7EBF2E23A876AA00FC4823 /* Basic */,
				4C676A1323A766C80068BAF4 /* Image */,
				4C6769E323A760C00068BAF4 /* AppDelegate.swift */,
				4C6769E723A760C00068BAF4 /* ViewController.swift */,
				4C6769E923A760C00068BAF4 /* Main.storyboard */,
				4C6769EC23A760C20068BAF4 /* Assets.xcassets */,
				4C6769EE23A760C20068BAF4 /* LaunchScreen.storyboard */,
				4C6769F123A760C20068BAF4 /* Info.plist */,
				4C676A1423A7673E0068BAF4 /* Common.swift */,
			);
			path = "RxSwift-Learning";
			sourceTree = "<group>";
		};
		4C676A1323A766C80068BAF4 /* Image */ = {
			isa = PBXGroup;
			children = (
				4C676A1623A767730068BAF4 /* Image.storyboard */,
				4C676A1823A767BE0068BAF4 /* ImageViewController.swift */,
			);
			path = Image;
			sourceTree = "<group>";
		};
		4C7EBF2E23A876AA00FC4823 /* Basic */ = {
			isa = PBXGroup;
			children = (
				4C7EBF2F23A8773500FC4823 /* Basic.storyboard */,
				4C7EBF3123A8773E00FC4823 /* BasicViewController.swift */,
			);
			path = Basic;
			sourceTree = "<group>";
		};
		4C85684023AE5DAC00A25B95 /* Conditional */ = {
			isa = PBXGroup;
			children = (
				4C85684123AE5DC400A25B95 /* Conditional.storyboard */,
				4C85684323AE5DCE00A25B95 /* ConditionalViewController.swift */,
			);
			path = Conditional;
			sourceTree = "<group>";
		};
		4C85684523AE801000A25B95 /* Filtering */ = {
			isa = PBXGroup;
			children = (
				4C85684623AE802100A25B95 /* Filtering.storyboard */,
				4C85684823AE802B00A25B95 /* FilteringViewController.swift */,
			);
			path = Filtering;
			sourceTree = "<group>";
		};
		6AA7A374278562F200FDA0FD /* RxSwift-LearningTests */ = {
			isa = PBXGroup;
			children = (
				6AA7A375278562F200FDA0FD /* RxSwift_LearningTests.swift */,
			);
			path = "RxSwift-LearningTests";
			sourceTree = "<group>";
		};
		FE8A5688C4250B1F2D846BE9 /* Pods */ = {
			isa = PBXGroup;
			children = (
				2B41B7D4F03CCC21FE177CE0 /* Pods-RxSwift-Learning.debug.xcconfig */,
				0A140D334E0DDA1A525F24EF /* Pods-RxSwift-Learning.release.xcconfig */,
				436B11C122DDACCACA95D81D /* Pods-RxSwift-LearningTests.debug.xcconfig */,
				03A6A48FEA59B386CAB88C88 /* Pods-RxSwift-LearningTests.release.xcconfig */,
			);
			path = Pods;
			sourceTree = "<group>";
		};
/* End PBXGroup section */

/* Begin PBXNativeTarget section */
		4C6769DF23A760C00068BAF4 /* RxSwift-Learning */ = {
			isa = PBXNativeTarget;
			buildConfigurationList = 4C676A0A23A760C30068BAF4 /* Build configuration list for PBXNativeTarget "RxSwift-Learning" */;
			buildPhases = (
				77307D228CBA8D9BD0E8440E /* [CP] Check Pods Manifest.lock */,
				4C6769DC23A760C00068BAF4 /* Sources */,
				4C6769DD23A760C00068BAF4 /* Frameworks */,
				4C6769DE23A760C00068BAF4 /* Resources */,
			);
			buildRules = (
			);
			dependencies = (
			);
			name = "RxSwift-Learning";
			productName = "RxSwift-Learning";
			productReference = 4C6769E023A760C00068BAF4 /* RxSwift-Learning.app */;
			productType = "com.apple.product-type.application";
		};
		6AA7A372278562F200FDA0FD /* RxSwift-LearningTests */ = {
			isa = PBXNativeTarget;
			buildConfigurationList = 6AA7A379278562F200FDA0FD /* Build configuration list for PBXNativeTarget "RxSwift-LearningTests" */;
			buildPhases = (
				A18A0B8F8CE8CD5FEF5851E2 /* [CP] Check Pods Manifest.lock */,
				6AA7A36F278562F200FDA0FD /* Sources */,
				6AA7A370278562F200FDA0FD /* Frameworks */,
				6AA7A371278562F200FDA0FD /* Resources */,
			);
			buildRules = (
			);
			dependencies = (
				6AA7A378278562F200FDA0FD /* PBXTargetDependency */,
			);
			name = "RxSwift-LearningTests";
			productName = "RxSwift-LearningTests";
			productReference = 6AA7A373278562F200FDA0FD /* RxSwift-LearningTests.xctest */;
			productType = "com.apple.product-type.bundle.unit-test";
		};
/* End PBXNativeTarget section */

/* Begin PBXProject section */
		4C6769D823A760C00068BAF4 /* Project object */ = {
			isa = PBXProject;
			attributes = {
				BuildIndependentTargetsInParallel = NO;
				LastSwiftUpdateCheck = 1320;
				LastUpgradeCheck = 1130;
				ORGANIZATIONNAME = kodeawon;
				TargetAttributes = {
					4C6769DF23A760C00068BAF4 = {
						CreatedOnToolsVersion = 11.3;
					};
					6AA7A372278562F200FDA0FD = {
						CreatedOnToolsVersion = 13.2.1;
						TestTargetID = 4C6769DF23A760C00068BAF4;
					};
				};
			};
			buildConfigurationList = 4C6769DB23A760C00068BAF4 /* Build configuration list for PBXProject "RxSwift-Learning" */;
			compatibilityVersion = "Xcode 9.3";
			developmentRegion = en;
			hasScannedForEncodings = 0;
			knownRegions = (
				en,
				Base,
			);
			mainGroup = 4C6769D723A760C00068BAF4;
			productRefGroup = 4C6769E123A760C00068BAF4 /* Products */;
			projectDirPath = "";
			projectRoot = "";
			targets = (
				4C6769DF23A760C00068BAF4 /* RxSwift-Learning */,
				6AA7A372278562F200FDA0FD /* RxSwift-LearningTests */,
			);
		};
/* End PBXProject section */

/* Begin PBXResourcesBuildPhase section */
		4C6769DE23A760C00068BAF4 /* Resources */ = {
			isa = PBXResourcesBuildPhase;
			buildActionMask = 2147483647;
			files = (
				4C45E37A23B0962A00A125E7 /* Mathematical.storyboard in Resources */,
				4C6769F023A760C20068BAF4 /* LaunchScreen.storyboard in Resources */,
				4C85684223AE5DC400A25B95 /* Conditional.storyboard in Resources */,
				4C3DEB0B23B1BF4100AEDC67 /* BearFried.storyboard in Resources */,
				4C6769ED23A760C20068BAF4 /* Assets.xcassets in Resources */,
				4C4317DB23AA1A30007CDEFB /* Login.storyboard in Resources */,
				4C45E37F23B098F300A125E7 /* Transforming.storyboard in Resources */,
				4C7EBF3023A8773500FC4823 /* Basic.storyboard in Resources */,
				4C498B6D23AB5CB8007D8567 /* Combining.storyboard in Resources */,
				4C85684723AE802100A25B95 /* Filtering.storyboard in Resources */,
				4C676A1723A767730068BAF4 /* Image.storyboard in Resources */,
				4C4033CD23C388120058A6AA /* Subject.storyboard in Resources */,
				4C6769EB23A760C00068BAF4 /* Main.storyboard in Resources */,
			);
			runOnlyForDeploymentPostprocessing = 0;
		};
		6AA7A371278562F200FDA0FD /* Resources */ = {
			isa = PBXResourcesBuildPhase;
			buildActionMask = 2147483647;
			files = (
			);
			runOnlyForDeploymentPostprocessing = 0;
		};
/* End PBXResourcesBuildPhase section */

/* Begin PBXShellScriptBuildPhase section */
		77307D228CBA8D9BD0E8440E /* [CP] Check Pods Manifest.lock */ = {
			isa = PBXShellScriptBuildPhase;
			buildActionMask = 2147483647;
			files = (
			);
			inputFileListPaths = (
			);
			inputPaths = (
				"${PODS_PODFILE_DIR_PATH}/Podfile.lock",
				"${PODS_ROOT}/Manifest.lock",
			);
			name = "[CP] Check Pods Manifest.lock";
			outputFileListPaths = (
			);
			outputPaths = (
				"$(DERIVED_FILE_DIR)/Pods-RxSwift-Learning-checkManifestLockResult.txt",
			);
			runOnlyForDeploymentPostprocessing = 0;
			shellPath = /bin/sh;
			shellScript = "diff \"${PODS_PODFILE_DIR_PATH}/Podfile.lock\" \"${PODS_ROOT}/Manifest.lock\" > /dev/null\nif [ $? != 0 ] ; then\n    # print error to STDERR\n    echo \"error: The sandbox is not in sync with the Podfile.lock. Run 'pod install' or update your CocoaPods installation.\" >&2\n    exit 1\nfi\n# This output is used by Xcode 'outputs' to avoid re-running this script phase.\necho \"SUCCESS\" > \"${SCRIPT_OUTPUT_FILE_0}\"\n";
			showEnvVarsInLog = 0;
		};
		A18A0B8F8CE8CD5FEF5851E2 /* [CP] Check Pods Manifest.lock */ = {
			isa = PBXShellScriptBuildPhase;
			buildActionMask = 2147483647;
			files = (
			);
			inputFileListPaths = (
			);
			inputPaths = (
				"${PODS_PODFILE_DIR_PATH}/Podfile.lock",
				"${PODS_ROOT}/Manifest.lock",
			);
			name = "[CP] Check Pods Manifest.lock";
			outputFileListPaths = (
			);
			outputPaths = (
				"$(DERIVED_FILE_DIR)/Pods-RxSwift-LearningTests-checkManifestLockResult.txt",
			);
			runOnlyForDeploymentPostprocessing = 0;
			shellPath = /bin/sh;
			shellScript = "diff \"${PODS_PODFILE_DIR_PATH}/Podfile.lock\" \"${PODS_ROOT}/Manifest.lock\" > /dev/null\nif [ $? != 0 ] ; then\n    # print error to STDERR\n    echo \"error: The sandbox is not in sync with the Podfile.lock. Run 'pod install' or update your CocoaPods installation.\" >&2\n    exit 1\nfi\n# This output is used by Xcode 'outputs' to avoid re-running this script phase.\necho \"SUCCESS\" > \"${SCRIPT_OUTPUT_FILE_0}\"\n";
			showEnvVarsInLog = 0;
		};
/* End PBXShellScriptBuildPhase section */

/* Begin PBXSourcesBuildPhase section */
		4C6769DC23A760C00068BAF4 /* Sources */ = {
			isa = PBXSourcesBuildPhase;
			buildActionMask = 2147483647;
			files = (
				4C3DEB1823B1CA6600AEDC67 /* APIService.swift in Sources */,
				4CA3EEB923C38BED00DD89B6 /* TakaViewController.swift in Sources */,
				4C3DEB0D23B1BF4F00AEDC67 /* BearFriedViewController.swift in Sources */,
				4C4317DD23AA1A46007CDEFB /* LoginViewController.swift in Sources */,
				4C3DEB1223B1BFFE00AEDC67 /* MenuModel.swift in Sources */,
				4CA3EEBF23C390FE00DD89B6 /* TikiTakaProtocol.swift in Sources */,
				4C85684423AE5DCE00A25B95 /* ConditionalViewController.swift in Sources */,
				4C4033CF23C3882C0058A6AA /* SubjectViewController.swift in Sources */,
				4CA3EEBD23C38D8600DD89B6 /* TakaViewModel.swift in Sources */,
				4C7EBF3223A8773E00FC4823 /* BasicViewController.swift in Sources */,
				4C45E37C23B0963300A125E7 /* MathematicalViewController.swift in Sources */,
				4C45E38123B098FA00A125E7 /* TransformingViewController.swift in Sources */,
				4C6769E823A760C00068BAF4 /* ViewController.swift in Sources */,
				4C676A1523A7673E0068BAF4 /* Common.swift in Sources */,
				4CA3EEB723C38BE000DD89B6 /* TikiViewController.swift in Sources */,
				4C3DEB1A23B1DCE600AEDC67 /* MenuStore.swift in Sources */,
				4C676A1923A767BE0068BAF4 /* ImageViewController.swift in Sources */,
				4C498B6F23AB5CCA007D8567 /* CombiningViewController.swift in Sources */,
				4C85684923AE802B00A25B95 /* FilteringViewController.swift in Sources */,
				4CA3EEBB23C38D4800DD89B6 /* TikiViewModel.swift in Sources */,
				4C3DEB1023B1BFE600AEDC67 /* BearFriedViewModel.swift in Sources */,
				4C6769E423A760C00068BAF4 /* AppDelegate.swift in Sources */,
				4C3DEB1523B1C80500AEDC67 /* BearFriedTableViewCell.swift in Sources */,
				4C498B6A23AB30AB007D8567 /* LoginViewModel.swift in Sources */,
			);
			runOnlyForDeploymentPostprocessing = 0;
		};
		6AA7A36F278562F200FDA0FD /* Sources */ = {
			isa = PBXSourcesBuildPhase;
			buildActionMask = 2147483647;
			files = (
				6AA7A376278562F200FDA0FD /* RxSwift_LearningTests.swift in Sources */,
			);
			runOnlyForDeploymentPostprocessing = 0;
		};
/* End PBXSourcesBuildPhase section */

/* Begin PBXTargetDependency section */
		6AA7A378278562F200FDA0FD /* PBXTargetDependency */ = {
			isa = PBXTargetDependency;
			target = 4C6769DF23A760C00068BAF4 /* RxSwift-Learning */;
			targetProxy = 6AA7A377278562F200FDA0FD /* PBXContainerItemProxy */;
		};
/* End PBXTargetDependency section */

/* Begin PBXVariantGroup section */
		4C6769E923A760C00068BAF4 /* Main.storyboard */ = {
			isa = PBXVariantGroup;
			children = (
				4C6769EA23A760C00068BAF4 /* Base */,
			);
			name = Main.storyboard;
			sourceTree = "<group>";
		};
		4C6769EE23A760C20068BAF4 /* LaunchScreen.storyboard */ = {
			isa = PBXVariantGroup;
			children = (
				4C6769EF23A760C20068BAF4 /* Base */,
			);
			name = LaunchScreen.storyboard;
			sourceTree = "<group>";
		};
/* End PBXVariantGroup section */

/* Begin XCBuildConfiguration section */
		4C676A0823A760C30068BAF4 /* Debug */ = {
			isa = XCBuildConfiguration;
			buildSettings = {
				ALWAYS_SEARCH_USER_PATHS = NO;
				CLANG_ANALYZER_NONNULL = YES;
				CLANG_ANALYZER_NUMBER_OBJECT_CONVERSION = YES_AGGRESSIVE;
				CLANG_CXX_LANGUAGE_STANDARD = "gnu++14";
				CLANG_CXX_LIBRARY = "libc++";
				CLANG_ENABLE_MODULES = YES;
				CLANG_ENABLE_OBJC_ARC = YES;
				CLANG_ENABLE_OBJC_WEAK = YES;
				CLANG_WARN_BLOCK_CAPTURE_AUTORELEASING = YES;
				CLANG_WARN_BOOL_CONVERSION = YES;
				CLANG_WARN_COMMA = YES;
				CLANG_WARN_CONSTANT_CONVERSION = YES;
				CLANG_WARN_DEPRECATED_OBJC_IMPLEMENTATIONS = YES;
				CLANG_WARN_DIRECT_OBJC_ISA_USAGE = YES_ERROR;
				CLANG_WARN_DOCUMENTATION_COMMENTS = YES;
				CLANG_WARN_EMPTY_BODY = YES;
				CLANG_WARN_ENUM_CONVERSION = YES;
				CLANG_WARN_INFINITE_RECURSION = YES;
				CLANG_WARN_INT_CONVERSION = YES;
				CLANG_WARN_NON_LITERAL_NULL_CONVERSION = YES;
				CLANG_WARN_OBJC_IMPLICIT_RETAIN_SELF = YES;
				CLANG_WARN_OBJC_LITERAL_CONVERSION = YES;
				CLANG_WARN_OBJC_ROOT_CLASS = YES_ERROR;
				CLANG_WARN_RANGE_LOOP_ANALYSIS = YES;
				CLANG_WARN_STRICT_PROTOTYPES = YES;
				CLANG_WARN_SUSPICIOUS_MOVE = YES;
				CLANG_WARN_UNGUARDED_AVAILABILITY = YES_AGGRESSIVE;
				CLANG_WARN_UNREACHABLE_CODE = YES;
				CLANG_WARN__DUPLICATE_METHOD_MATCH = YES;
				COPY_PHASE_STRIP = NO;
				DEBUG_INFORMATION_FORMAT = dwarf;
				ENABLE_STRICT_OBJC_MSGSEND = YES;
				ENABLE_TESTABILITY = YES;
				GCC_C_LANGUAGE_STANDARD = gnu11;
				GCC_DYNAMIC_NO_PIC = NO;
				GCC_NO_COMMON_BLOCKS = YES;
				GCC_OPTIMIZATION_LEVEL = 0;
				GCC_PREPROCESSOR_DEFINITIONS = (
					"DEBUG=1",
					"$(inherited)",
				);
				GCC_WARN_64_TO_32_BIT_CONVERSION = YES;
				GCC_WARN_ABOUT_RETURN_TYPE = YES_ERROR;
				GCC_WARN_UNDECLARED_SELECTOR = YES;
				GCC_WARN_UNINITIALIZED_AUTOS = YES_AGGRESSIVE;
				GCC_WARN_UNUSED_FUNCTION = YES;
				GCC_WARN_UNUSED_VARIABLE = YES;
				IPHONEOS_DEPLOYMENT_TARGET = 13.2;
				MTL_ENABLE_DEBUG_INFO = INCLUDE_SOURCE;
				MTL_FAST_MATH = YES;
				ONLY_ACTIVE_ARCH = YES;
				OTHER_SWIFT_FLAGS = "";
				SDKROOT = iphoneos;
				SWIFT_ACTIVE_COMPILATION_CONDITIONS = DEBUG;
				SWIFT_OPTIMIZATION_LEVEL = "-Onone";
				SWIFT_WHOLE_MODULE_OPTIMIZATION = YES;
			};
			name = Debug;
		};
		4C676A0923A760C30068BAF4 /* Release */ = {
			isa = XCBuildConfiguration;
			buildSettings = {
				ALWAYS_SEARCH_USER_PATHS = NO;
				CLANG_ANALYZER_NONNULL = YES;
				CLANG_ANALYZER_NUMBER_OBJECT_CONVERSION = YES_AGGRESSIVE;
				CLANG_CXX_LANGUAGE_STANDARD = "gnu++14";
				CLANG_CXX_LIBRARY = "libc++";
				CLANG_ENABLE_MODULES = YES;
				CLANG_ENABLE_OBJC_ARC = YES;
				CLANG_ENABLE_OBJC_WEAK = YES;
				CLANG_WARN_BLOCK_CAPTURE_AUTORELEASING = YES;
				CLANG_WARN_BOOL_CONVERSION = YES;
				CLANG_WARN_COMMA = YES;
				CLANG_WARN_CONSTANT_CONVERSION = YES;
				CLANG_WARN_DEPRECATED_OBJC_IMPLEMENTATIONS = YES;
				CLANG_WARN_DIRECT_OBJC_ISA_USAGE = YES_ERROR;
				CLANG_WARN_DOCUMENTATION_COMMENTS = YES;
				CLANG_WARN_EMPTY_BODY = YES;
				CLANG_WARN_ENUM_CONVERSION = YES;
				CLANG_WARN_INFINITE_RECURSION = YES;
				CLANG_WARN_INT_CONVERSION = YES;
				CLANG_WARN_NON_LITERAL_NULL_CONVERSION = YES;
				CLANG_WARN_OBJC_IMPLICIT_RETAIN_SELF = YES;
				CLANG_WARN_OBJC_LITERAL_CONVERSION = YES;
				CLANG_WARN_OBJC_ROOT_CLASS = YES_ERROR;
				CLANG_WARN_RANGE_LOOP_ANALYSIS = YES;
				CLANG_WARN_STRICT_PROTOTYPES = YES;
				CLANG_WARN_SUSPICIOUS_MOVE = YES;
				CLANG_WARN_UNGUARDED_AVAILABILITY = YES_AGGRESSIVE;
				CLANG_WARN_UNREACHABLE_CODE = YES;
				CLANG_WARN__DUPLICATE_METHOD_MATCH = YES;
				COPY_PHASE_STRIP = NO;
				DEBUG_INFORMATION_FORMAT = "dwarf-with-dsym";
				ENABLE_NS_ASSERTIONS = NO;
				ENABLE_STRICT_OBJC_MSGSEND = YES;
				GCC_C_LANGUAGE_STANDARD = gnu11;
				GCC_NO_COMMON_BLOCKS = YES;
				GCC_WARN_64_TO_32_BIT_CONVERSION = YES;
				GCC_WARN_ABOUT_RETURN_TYPE = YES_ERROR;
				GCC_WARN_UNDECLARED_SELECTOR = YES;
				GCC_WARN_UNINITIALIZED_AUTOS = YES_AGGRESSIVE;
				GCC_WARN_UNUSED_FUNCTION = YES;
				GCC_WARN_UNUSED_VARIABLE = YES;
				IPHONEOS_DEPLOYMENT_TARGET = 13.2;
				MTL_ENABLE_DEBUG_INFO = NO;
				MTL_FAST_MATH = YES;
				OTHER_SWIFT_FLAGS = "";
				SDKROOT = iphoneos;
				SWIFT_COMPILATION_MODE = wholemodule;
				SWIFT_OPTIMIZATION_LEVEL = "-O";
				SWIFT_WHOLE_MODULE_OPTIMIZATION = YES;
				VALIDATE_PRODUCT = YES;
			};
			name = Release;
		};
		4C676A0B23A760C30068BAF4 /* Debug */ = {
			isa = XCBuildConfiguration;
			baseConfigurationReference = 2B41B7D4F03CCC21FE177CE0 /* Pods-RxSwift-Learning.debug.xcconfig */;
			buildSettings = {
				ASSETCATALOG_COMPILER_APPICON_NAME = AppIcon;
				CODE_SIGN_STYLE = Automatic;
				DEVELOPMENT_TEAM = R42JW2NS5S;
				INFOPLIST_FILE = "RxSwift-Learning/Info.plist";
				IPHONEOS_DEPLOYMENT_TARGET = 10.0;
				LD_RUNPATH_SEARCH_PATHS = (
					"$(inherited)",
					"@executable_path/Frameworks",
				);
				PRODUCT_BUNDLE_IDENTIFIER = "com.kodeawon.RxSwift-Learning";
				PRODUCT_NAME = "$(TARGET_NAME)";
				SWIFT_VERSION = 5.0;
				SWIFT_WHOLE_MODULE_OPTIMIZATION = YES;
				TARGETED_DEVICE_FAMILY = 1;
			};
			name = Debug;
		};
		4C676A0C23A760C30068BAF4 /* Release */ = {
			isa = XCBuildConfiguration;
			baseConfigurationReference = 0A140D334E0DDA1A525F24EF /* Pods-RxSwift-Learning.release.xcconfig */;
			buildSettings = {
				ASSETCATALOG_COMPILER_APPICON_NAME = AppIcon;
				CODE_SIGN_STYLE = Automatic;
				DEVELOPMENT_TEAM = R42JW2NS5S;
				INFOPLIST_FILE = "RxSwift-Learning/Info.plist";
				IPHONEOS_DEPLOYMENT_TARGET = 10.0;
				LD_RUNPATH_SEARCH_PATHS = (
					"$(inherited)",
					"@executable_path/Frameworks",
				);
				PRODUCT_BUNDLE_IDENTIFIER = "com.kodeawon.RxSwift-Learning";
				PRODUCT_NAME = "$(TARGET_NAME)";
				SWIFT_VERSION = 5.0;
				SWIFT_WHOLE_MODULE_OPTIMIZATION = YES;
				TARGETED_DEVICE_FAMILY = 1;
			};
			name = Release;
		};
		6AA7A37A278562F200FDA0FD /* Debug */ = {
			isa = XCBuildConfiguration;
			baseConfigurationReference = 436B11C122DDACCACA95D81D /* Pods-RxSwift-LearningTests.debug.xcconfig */;
			buildSettings = {
				BUNDLE_LOADER = "$(TEST_HOST)";
				CLANG_CXX_LANGUAGE_STANDARD = "gnu++17";
				CLANG_WARN_QUOTED_INCLUDE_IN_FRAMEWORK_HEADER = YES;
				CODE_SIGN_STYLE = Automatic;
				CURRENT_PROJECT_VERSION = 1;
				DEVELOPMENT_TEAM = R42JW2NS5S;
				GENERATE_INFOPLIST_FILE = YES;
				IPHONEOS_DEPLOYMENT_TARGET = 15.2;
				MARKETING_VERSION = 1.0;
				PRODUCT_BUNDLE_IDENTIFIER = "com.kd.RxSwift-LearningTests";
				PRODUCT_NAME = "$(TARGET_NAME)";
				SWIFT_EMIT_LOC_STRINGS = NO;
				SWIFT_VERSION = 5.0;
				TARGETED_DEVICE_FAMILY = "1,2";
				TEST_HOST = "$(BUILT_PRODUCTS_DIR)/RxSwift-Learning.app/RxSwift-Learning";
			};
			name = Debug;
		};
		6AA7A37B278562F200FDA0FD /* Release */ = {
			isa = XCBuildConfiguration;
			baseConfigurationReference = 03A6A48FEA59B386CAB88C88 /* Pods-RxSwift-LearningTests.release.xcconfig */;
			buildSettings = {
				BUNDLE_LOADER = "$(TEST_HOST)";
				CLANG_CXX_LANGUAGE_STANDARD = "gnu++17";
				CLANG_WARN_QUOTED_INCLUDE_IN_FRAMEWORK_HEADER = YES;
				CODE_SIGN_STYLE = Automatic;
				CURRENT_PROJECT_VERSION = 1;
				DEVELOPMENT_TEAM = R42JW2NS5S;
				GENERATE_INFOPLIST_FILE = YES;
				IPHONEOS_DEPLOYMENT_TARGET = 15.2;
				MARKETING_VERSION = 1.0;
				PRODUCT_BUNDLE_IDENTIFIER = "com.kd.RxSwift-LearningTests";
				PRODUCT_NAME = "$(TARGET_NAME)";
				SWIFT_EMIT_LOC_STRINGS = NO;
				SWIFT_VERSION = 5.0;
				TARGETED_DEVICE_FAMILY = "1,2";
				TEST_HOST = "$(BUILT_PRODUCTS_DIR)/RxSwift-Learning.app/RxSwift-Learning";
			};
			name = Release;
		};
/* End XCBuildConfiguration section */

/* Begin XCConfigurationList section */
		4C6769DB23A760C00068BAF4 /* Build configuration list for PBXProject "RxSwift-Learning" */ = {
			isa = XCConfigurationList;
			buildConfigurations = (
				4C676A0823A760C30068BAF4 /* Debug */,
				4C676A0923A760C30068BAF4 /* Release */,
			);
			defaultConfigurationIsVisible = 0;
			defaultConfigurationName = Debug;
		};
		4C676A0A23A760C30068BAF4 /* Build configuration list for PBXNativeTarget "RxSwift-Learning" */ = {
			isa = XCConfigurationList;
			buildConfigurations = (
				4C676A0B23A760C30068BAF4 /* Debug */,
				4C676A0C23A760C30068BAF4 /* Release */,
			);
			defaultConfigurationIsVisible = 0;
			defaultConfigurationName = Debug;
		};
		6AA7A379278562F200FDA0FD /* Build configuration list for PBXNativeTarget "RxSwift-LearningTests" */ = {
			isa = XCConfigurationList;
			buildConfigurations = (
				6AA7A37A278562F200FDA0FD /* Debug */,
				6AA7A37B278562F200FDA0FD /* Release */,
			);
			defaultConfigurationIsVisible = 0;
			defaultConfigurationName = Debug;
		};
/* End XCConfigurationList section */
	};
	rootObject = 4C6769D823A760C00068BAF4 /* Project object */;
}
